
Microsoft Visual Studio Solution File, Format Version 12.00
# Visual Studio Version 17
VisualStudioVersion = 17.9.34723.18
MinimumVisualStudioVersion = 10.0.40219.1
Project("{FAE04EC0-301F-11D3-BF4B-00C04F79EFBC}") = "FeedBuf", "FeedBuf\FeedBuf.csproj", "{821731C8-BA1F-4655-AE5F-21FB92DA59F7}"
EndProject
Global
	GlobalSection(SolutionConfigurationPlatforms) = preSolution
		Debug|Any CPU = Debug|Any CPU
		Release|Any CPU = Release|Any CPU
	EndGlobalSection
	GlobalSection(ProjectConfigurationPlatforms) = postSolution
		{821731C8-BA1F-4655-AE5F-21FB92DA59F7}.Debug|Any CPU.ActiveCfg = Debug|Any CPU
		{821731C8-BA1F-4655-AE5F-21FB92DA59F7}.Debug|Any CPU.Build.0 = Debug|Any CPU
		{821731C8-BA1F-4655-AE5F-21FB92DA59F7}.Release|Any CPU.ActiveCfg = Release|Any CPU
		{821731C8-BA1F-4655-AE5F-21FB92DA59F7}.Release|Any CPU.Build.0 = Release|Any CPU
	EndGlobalSection
	GlobalSection(SolutionProperties) = preSolution
		HideSolutionNode = FALSE
	EndGlobalSection
	GlobalSection(ExtensibilityGlobals) = postSolution
		SolutionGuid = {A56357AC-06E2-4098-9521-9F68A4C94BC3}
	EndGlobalSection
EndGlobal
